
Microsoft Visual Studio Solution File, Format Version 12.00
# Visual Studio 15
VisualStudioVersion = 15.0.26730.10
MinimumVisualStudioVersion = 10.0.40219.1
Project("{FAE04EC0-301F-11D3-BF4B-00C04F79EFBC}") = "Yfy.Api", "Yfy.Api.csproj", "{4AADF336-FB7E-4EF6-BC3F-511F1EF73BFA}"
EndProject
Project("{FAE04EC0-301F-11D3-BF4B-00C04F79EFBC}") = "RequestDemo", "..\RequestDemo\RequestDemo.csproj", "{B65E5CDD-68A5-49BA-B1BC-14B520BE054A}"
EndProject
Project("{FAE04EC0-301F-11D3-BF4B-00C04F79EFBC}") = "WebDemo", "..\WebDemo\WebDemo.csproj", "{7FD72040-3864-46EE-8173-2CAA92E08678}"
EndProject
Global
	GlobalSection(SolutionConfigurationPlatforms) = preSolution
		Debug|Any CPU = Debug|Any CPU
		Debug|x86 = Debug|x86
		Release|Any CPU = Release|Any CPU
		Release|x86 = Release|x86
	EndGlobalSection
	GlobalSection(ProjectConfigurationPlatforms) = postSolution
		{4AADF336-FB7E-4EF6-BC3F-511F1EF73BFA}.Debug|Any CPU.ActiveCfg = Debug|Any CPU
		{4AADF336-FB7E-4EF6-BC3F-511F1EF73BFA}.Debug|Any CPU.Build.0 = Debug|Any CPU
		{4AADF336-FB7E-4EF6-BC3F-511F1EF73BFA}.Debug|x86.ActiveCfg = Debug|x86
		{4AADF336-FB7E-4EF6-BC3F-511F1EF73BFA}.Debug|x86.Build.0 = Debug|x86
		{4AADF336-FB7E-4EF6-BC3F-511F1EF73BFA}.Release|Any CPU.ActiveCfg = Release|Any CPU
		{4AADF336-FB7E-4EF6-BC3F-511F1EF73BFA}.Release|Any CPU.Build.0 = Release|Any CPU
		{4AADF336-FB7E-4EF6-BC3F-511F1EF73BFA}.Release|x86.ActiveCfg = Release|x86
		{4AADF336-FB7E-4EF6-BC3F-511F1EF73BFA}.Release|x86.Build.0 = Release|x86
		{B65E5CDD-68A5-49BA-B1BC-14B520BE054A}.Debug|Any CPU.ActiveCfg = Debug|Any CPU
		{B65E5CDD-68A5-49BA-B1BC-14B520BE054A}.Debug|Any CPU.Build.0 = Debug|Any CPU
		{B65E5CDD-68A5-49BA-B1BC-14B520BE054A}.Debug|x86.ActiveCfg = Debug|x86
		{B65E5CDD-68A5-49BA-B1BC-14B520BE054A}.Debug|x86.Build.0 = Debug|x86
		{B65E5CDD-68A5-49BA-B1BC-14B520BE054A}.Release|Any CPU.ActiveCfg = Release|Any CPU
		{B65E5CDD-68A5-49BA-B1BC-14B520BE054A}.Release|Any CPU.Build.0 = Release|Any CPU
		{B65E5CDD-68A5-49BA-B1BC-14B520BE054A}.Release|x86.ActiveCfg = Release|x86
		{B65E5CDD-68A5-49BA-B1BC-14B520BE054A}.Release|x86.Build.0 = Release|x86
		{7FD72040-3864-46EE-8173-2CAA92E08678}.Debug|Any CPU.ActiveCfg = Debug|Any CPU
		{7FD72040-3864-46EE-8173-2CAA92E08678}.Debug|Any CPU.Build.0 = Debug|Any CPU
		{7FD72040-3864-46EE-8173-2CAA92E08678}.Debug|x86.ActiveCfg = Debug|x86
		{7FD72040-3864-46EE-8173-2CAA92E08678}.Debug|x86.Build.0 = Debug|x86
		{7FD72040-3864-46EE-8173-2CAA92E08678}.Release|Any CPU.ActiveCfg = Release|Any CPU
		{7FD72040-3864-46EE-8173-2CAA92E08678}.Release|Any CPU.Build.0 = Release|Any CPU
		{7FD72040-3864-46EE-8173-2CAA92E08678}.Release|x86.ActiveCfg = Release|x86
		{7FD72040-3864-46EE-8173-2CAA92E08678}.Release|x86.Build.0 = Release|x86
	EndGlobalSection
	GlobalSection(SolutionProperties) = preSolution
		HideSolutionNode = FALSE
	EndGlobalSection
	GlobalSection(ExtensibilityGlobals) = postSolution
		SolutionGuid = {B8E965B8-0114-4053-AB8A-86733E8D5F1A}
	EndGlobalSection
EndGlobal
